{
  "name": "automotriz-bgm",
  "version": "0.0.0",
  "lockfileVersion": 1,
  "requires": true,
  "dependencies": {
    "bluebird": {
      "version": "2.11.0",
      "resolved": "https://registry.npmjs.org/bluebird/-/bluebird-2.11.0.tgz",
      "integrity": "sha1-U0uQM8AiyVecVro7Plpcqvu2UOE="
    },
    "schematics": {
      "version": "0.2.0",
      "resolved": "https://registry.npmjs.org/schematics/-/schematics-0.2.0.tgz",
      "integrity": "sha1-sFPxRc4wie3tQXOzW1OnOI4W9Bc=",
      "requires": {
        "bluebird": "^2.3.11"
      }
    }
  }
}
